{
  "version": 4,
  "terraform_version": "1.7.0",
  "serial": 33,
  "lineage": "dde2d216-1aaa-4bd2-21eb-914b6e5abe16",
  "outputs": {
    "alb_dns_name": {
      "value": "proj2-alb-830302272.us-east-1.elb.amazonaws.com",
      "type": "string"
    },
    "alb_security_group_id": {
      "value": "sg-08111206409a97f83",
      "type": "string"
    },
    "alb_target_group_arn": {
      "value": "arn:aws:elasticloadbalancing:us-east-1:501894534533:targetgroup/proj2-tg/3b66aac7debb06a7",
      "type": "string"
    },
    "alb_url": {
      "value": "http://proj2-alb-830302272.us-east-1.elb.amazonaws.com",
      "type": "string"
    },
    "cloudwatch_log_group": {
      "value": "/ecs/proj2-app",
      "type": "string"
    },
    "dashboard_url": {
      "value": "https://us-east-1.console.aws.amazon.com/cloudwatch/home?region=us-east-1#dashboards:name=proj2-dashboard",
      "type": "string"
    },
    "ecs_cluster_name": {
      "value": "proj2-cluster",
      "type": "string"
    },
    "ecs_security_group_id": {
      "value": "sg-0681b6ec6a3187236",
      "type": "string"
    },
    "ecs_service_name": {
      "value": "proj2-service",
      "type": "string"
    },
    "public_subnet_ids": {
      "value": [
        "subnet-08c639441bfefbed5",
        "subnet-0f8cae1cf0464c070"
      ],
      "type": [
        "tuple",
        [
          "string",
          "string"
        ]
      ]
    },
    "sns_topic_arn": {
      "value": "arn:aws:sns:us-east-1:501894534533:proj2-alerts",
      "type": "string"
    },
    "vpc_id": {
      "value": "vpc-025c70216bd21e55c",
      "type": "string"
    }
  },
  "resources": [
    {
      "mode": "data",
      "type": "aws_iam_policy_document",
      "name": "ecs_task_execution_assume_role",
      "provider": "provider[\"registry.terraform.io/hashicorp/aws\"]",
      "instances": [
        {
          "schema_version": 0,
          "attributes": {
            "id": "1077804475",
            "json": "{\n  \"Version\": \"2012-10-17\",\n  \"Statement\": [\n    {\n      \"Effect\": \"Allow\",\n      \"Action\": \"sts:AssumeRole\",\n      \"Principal\": {\n        \"Service\": \"ecs-tasks.amazonaws.com\"\n      }\n    }\n  ]\n}",
            "minified_json": "{\"Version\":\"2012-10-17\",\"Statement\":[{\"Effect\":\"Allow\",\"Action\":\"sts:AssumeRole\",\"Principal\":{\"Service\":\"ecs-tasks.amazonaws.com\"}}]}",
            "override_json": null,
            "override_policy_documents": null,
            "policy_id": null,
            "source_json": null,
            "source_policy_documents": null,
            "statement": [
              {
                "actions": [
                  "sts:AssumeRole"
                ],
                "condition": [],
                "effect": "Allow",
                "not_actions": [],
                "not_principals": [],
                "not_resources": [],
                "principals": [
                  {
                    "identifiers": [
                      "ecs-tasks.amazonaws.com"
                    ],
                    "type": "Service"
                  }
                ],
                "resources": [],
                "sid": ""
              }
            ],
            "version": "2012-10-17"
          },
          "sensitive_attributes": []
        }
      ]
    },
    {
      "mode": "managed",
      "type": "aws_cloudwatch_dashboard",
      "name": "proj2",
      "provider": "provider[\"registry.terraform.io/hashicorp/aws\"]",
      "instances": [
        {
          "schema_version": 0,
          "attributes": {
            "dashboard_arn": "arn:aws:cloudwatch::501894534533:dashboard/proj2-dashboard",
            "dashboard_body": "{\"widgets\":[{\"height\":1,\"properties\":{\"markdown\":\"# Proj2 ECS Fargate Application Dashboard\"},\"type\":\"text\",\"width\":24,\"x\":0,\"y\":0},{\"height\":6,\"properties\":{\"metrics\":[[\"AWS/ApplicationELB\",\"RequestCount\",\"LoadBalancer\",\"app/proj2-alb/e84726ce8b86ae60\",{\"period\":60,\"stat\":\"Sum\"}]],\"region\":\"us-east-1\",\"title\":\"Request Count\",\"view\":\"timeSeries\"},\"type\":\"metric\",\"width\":8,\"x\":0,\"y\":1},{\"height\":6,\"properties\":{\"metrics\":[[\"AWS/ApplicationELB\",\"TargetResponseTime\",\"LoadBalancer\",\"app/proj2-alb/e84726ce8b86ae60\",\"TargetGroup\",\"targetgroup/proj2-tg/3b66aac7debb06a7\",{\"period\":60,\"stat\":\"Average\"}],[\"...\",{\"label\":\"p99\",\"period\":60,\"stat\":\"p99\"}]],\"region\":\"us-east-1\",\"title\":\"Response Time (seconds)\",\"view\":\"timeSeries\"},\"type\":\"metric\",\"width\":8,\"x\":8,\"y\":1},{\"height\":6,\"properties\":{\"metrics\":[[\"AWS/ApplicationELB\",\"HealthyHostCount\",\"LoadBalancer\",\"app/proj2-alb/e84726ce8b86ae60\",\"TargetGroup\",\"targetgroup/proj2-tg/3b66aac7debb06a7\",{\"color\":\"#2ca02c\",\"period\":60,\"stat\":\"Average\"}],[\".\",\"UnHealthyHostCount\",\".\",\".\",\".\",\".\",{\"color\":\"#d62728\",\"period\":60,\"stat\":\"Average\"}]],\"region\":\"us-east-1\",\"title\":\"Healthy vs Unhealthy Hosts\",\"view\":\"timeSeries\"},\"type\":\"metric\",\"width\":8,\"x\":16,\"y\":1},{\"height\":6,\"properties\":{\"metrics\":[[\"AWS/ApplicationELB\",\"HTTPCode_Target_2XX_Count\",\"LoadBalancer\",\"app/proj2-alb/e84726ce8b86ae60\",\"TargetGroup\",\"targetgroup/proj2-tg/3b66aac7debb06a7\",{\"color\":\"#2ca02c\",\"label\":\"2XX Success\",\"period\":60,\"stat\":\"Sum\"}],[\".\",\"HTTPCode_Target_4XX_Count\",\".\",\".\",\".\",\".\",{\"color\":\"#ff7f0e\",\"label\":\"4XX Client Error\",\"period\":60,\"stat\":\"Sum\"}],[\".\",\"HTTPCode_Target_5XX_Count\",\".\",\".\",\".\",\".\",{\"color\":\"#d62728\",\"label\":\"5XX Server Error\",\"period\":60,\"stat\":\"Sum\"}],[\".\",\"HTTPCode_ELB_5XX_Count\",\".\",\".\",{\"color\":\"#9467bd\",\"label\":\"ALB 5XX\",\"period\":60,\"stat\":\"Sum\"}]],\"region\":\"us-east-1\",\"title\":\"HTTP Status Codes\",\"view\":\"timeSeries\"},\"type\":\"metric\",\"width\":12,\"x\":0,\"y\":7},{\"height\":6,\"properties\":{\"metrics\":[[{\"expression\":\"(m2+m3)/(m1+m2+m3)*100\",\"id\":\"e1\",\"label\":\"Error Rate %\"}],[\"AWS/ApplicationELB\",\"HTTPCode_Target_2XX_Count\",\"LoadBalancer\",\"app/proj2-alb/e84726ce8b86ae60\",\"TargetGroup\",\"targetgroup/proj2-tg/3b66aac7debb06a7\",{\"id\":\"m1\",\"period\":60,\"stat\":\"Sum\",\"visible\":false}],[\".\",\"HTTPCode_Target_4XX_Count\",\".\",\".\",\".\",\".\",{\"id\":\"m2\",\"period\":60,\"stat\":\"Sum\",\"visible\":false}],[\".\",\"HTTPCode_Target_5XX_Count\",\".\",\".\",\".\",\".\",{\"id\":\"m3\",\"period\":60,\"stat\":\"Sum\",\"visible\":false}]],\"region\":\"us-east-1\",\"title\":\"Error Rate (%)\",\"view\":\"timeSeries\"},\"type\":\"metric\",\"width\":12,\"x\":12,\"y\":7},{\"height\":6,\"properties\":{\"annotations\":{\"horizontal\":[{\"color\":\"#d62728\",\"label\":\"Alarm Threshold\",\"value\":80}]},\"metrics\":[[\"AWS/ECS\",\"CPUUtilization\",\"ClusterName\",\"proj2-cluster\",\"ServiceName\",\"proj2-service\",{\"period\":60,\"stat\":\"Average\"}],[\"...\",{\"label\":\"Max\",\"period\":60,\"stat\":\"Maximum\"}]],\"region\":\"us-east-1\",\"title\":\"ECS CPU Utilization (%)\",\"view\":\"timeSeries\"},\"type\":\"metric\",\"width\":12,\"x\":0,\"y\":13},{\"height\":6,\"properties\":{\"annotations\":{\"horizontal\":[{\"color\":\"#d62728\",\"label\":\"Alarm Threshold\",\"value\":80}]},\"metrics\":[[\"AWS/ECS\",\"MemoryUtilization\",\"ClusterName\",\"proj2-cluster\",\"ServiceName\",\"proj2-service\",{\"period\":60,\"stat\":\"Average\"}],[\"...\",{\"label\":\"Max\",\"period\":60,\"stat\":\"Maximum\"}]],\"region\":\"us-east-1\",\"title\":\"ECS Memory Utilization (%)\",\"view\":\"timeSeries\"},\"type\":\"metric\",\"width\":12,\"x\":12,\"y\":13},{\"height\":6,\"properties\":{\"metrics\":[[\"ECS/ContainerInsights\",\"RunningTaskCount\",\"ClusterName\",\"proj2-cluster\",\"ServiceName\",\"proj2-service\",{\"period\":60,\"stat\":\"Average\"}]],\"period\":60,\"region\":\"us-east-1\",\"title\":\"ECS Running Tasks\",\"view\":\"singleValue\"},\"type\":\"metric\",\"width\":8,\"x\":0,\"y\":19},{\"height\":6,\"properties\":{\"metrics\":[[\"AWS/ApplicationELB\",\"ActiveConnectionCount\",\"LoadBalancer\",\"app/proj2-alb/e84726ce8b86ae60\",{\"period\":60,\"stat\":\"Sum\"}]],\"region\":\"us-east-1\",\"title\":\"Active Connections\",\"view\":\"timeSeries\"},\"type\":\"metric\",\"width\":8,\"x\":8,\"y\":19},{\"height\":6,\"properties\":{\"metrics\":[[\"AWS/ApplicationELB\",\"NewConnectionCount\",\"LoadBalancer\",\"app/proj2-alb/e84726ce8b86ae60\",{\"period\":60,\"stat\":\"Sum\"}]],\"region\":\"us-east-1\",\"title\":\"New Connections per Second\",\"view\":\"timeSeries\"},\"type\":\"metric\",\"width\":8,\"x\":16,\"y\":19},{\"height\":6,\"properties\":{\"query\":\"SOURCE '/ecs/proj2-app' | fields @timestamp, @message | sort @timestamp desc | limit 50\",\"region\":\"us-east-1\",\"title\":\"Recent Application Logs\"},\"type\":\"log\",\"width\":24,\"x\":0,\"y\":25}]}",
            "dashboard_name": "proj2-dashboard",
            "id": "proj2-dashboard"
          },
          "sensitive_attributes": [],
          "private": "bnVsbA==",
          "dependencies": [
            "aws_cloudwatch_log_group.ecs_logs",
            "aws_ecs_cluster.proj2_cluster",
            "aws_ecs_service.proj2_service",
            "aws_ecs_task_definition.proj2_task",
            "aws_iam_role.ecs_task_execution_role",
            "aws_lb.proj2_alb",
            "aws_lb_listener.http",
            "aws_lb_target_group.proj2_tg",
            "aws_security_group.alb_sg",
            "aws_security_group.ecs_sg",
            "aws_subnet.public",
            "aws_vpc.proj2_vpc",
            "data.aws_iam_policy_document.ecs_task_execution_assume_role"
          ]
        }
      ]
    },
    {
      "mode": "managed",
      "type": "aws_cloudwatch_log_group",
      "name": "ecs_logs",
      "provider": "provider[\"registry.terraform.io/hashicorp/aws\"]",
      "instances": [
        {
          "schema_version": 0,
          "attributes": {
            "arn": "arn:aws:logs:us-east-1:501894534533:log-group:/ecs/proj2-app",
            "id": "/ecs/proj2-app",
            "kms_key_id": "",
            "log_group_class": "STANDARD",
            "name": "/ecs/proj2-app",
            "name_prefix": "",
            "retention_in_days": 7,
            "skip_destroy": false,
            "tags": {
              "Name": "proj2-ecs-logs"
            },
            "tags_all": {
              "Environment": "dev",
              "ManagedBy": "terraform",
              "Name": "proj2-ecs-logs",
              "Project": "proj2"
            }
          },
          "sensitive_attributes": [],
          "private": "bnVsbA=="
        }
      ]
    },
    {
      "mode": "managed",
      "type": "aws_cloudwatch_metric_alarm",
      "name": "alb_5xx_errors",
      "provider": "provider[\"registry.terraform.io/hashicorp/aws\"]",
      "instances": [
        {
          "schema_version": 1,
          "attributes": {
            "actions_enabled": true,
            "alarm_actions": [
              "arn:aws:sns:us-east-1:501894534533:proj2-alerts"
            ],
            "alarm_description": "ALB is returning 5XX errors (more than 10 in 1 minute)",
            "alarm_name": "proj2-alb-5xx-errors",
            "arn": "arn:aws:cloudwatch:us-east-1:501894534533:alarm:proj2-alb-5xx-errors",
            "comparison_operator": "GreaterThanThreshold",
            "datapoints_to_alarm": 0,
            "dimensions": {
              "LoadBalancer": "app/proj2-alb/e84726ce8b86ae60"
            },
            "evaluate_low_sample_count_percentiles": "",
            "evaluation_periods": 2,
            "extended_statistic": "",
            "id": "proj2-alb-5xx-errors",
            "insufficient_data_actions": null,
            "metric_name": "HTTPCode_ELB_5XX_Count",
            "metric_query": [],
            "namespace": "AWS/ApplicationELB",
            "ok_actions": [
              "arn:aws:sns:us-east-1:501894534533:proj2-alerts"
            ],
            "period": 60,
            "statistic": "Sum",
            "tags": {
              "Name": "proj2-alb-5xx-errors"
            },
            "tags_all": {
              "Environment": "dev",
              "ManagedBy": "terraform",
              "Name": "proj2-alb-5xx-errors",
              "Project": "proj2"
            },
            "threshold": 10,
            "threshold_metric_id": "",
            "treat_missing_data": "notBreaching",
            "unit": ""
          },
          "sensitive_attributes": [],
          "private": "eyJzY2hlbWFfdmVyc2lvbiI6IjEifQ==",
          "dependencies": [
            "aws_lb.proj2_alb",
            "aws_security_group.alb_sg",
            "aws_sns_topic.alerts",
            "aws_subnet.public",
            "aws_vpc.proj2_vpc"
          ]
        }
      ]
    },
    {
      "mode": "managed",
      "type": "aws_cloudwatch_metric_alarm",
      "name": "alb_high_latency",
      "provider": "provider[\"registry.terraform.io/hashicorp/aws\"]",
      "instances": [
        {
          "schema_version": 1,
          "attributes": {
            "actions_enabled": true,
            "alarm_actions": [
              "arn:aws:sns:us-east-1:501894534533:proj2-alerts"
            ],
            "alarm_description": "ALB average response time is above 2 seconds",
            "alarm_name": "proj2-high-latency",
            "arn": "arn:aws:cloudwatch:us-east-1:501894534533:alarm:proj2-high-latency",
            "comparison_operator": "GreaterThanThreshold",
            "datapoints_to_alarm": 0,
            "dimensions": {
              "LoadBalancer": "app/proj2-alb/e84726ce8b86ae60",
              "TargetGroup": "targetgroup/proj2-tg/3b66aac7debb06a7"
            },
            "evaluate_low_sample_count_percentiles": "",
            "evaluation_periods": 3,
            "extended_statistic": "",
            "id": "proj2-high-latency",
            "insufficient_data_actions": null,
            "metric_name": "TargetResponseTime",
            "metric_query": [],
            "namespace": "AWS/ApplicationELB",
            "ok_actions": [
              "arn:aws:sns:us-east-1:501894534533:proj2-alerts"
            ],
            "period": 60,
            "statistic": "Average",
            "tags": {
              "Name": "proj2-high-latency"
            },
            "tags_all": {
              "Environment": "dev",
              "ManagedBy": "terraform",
              "Name": "proj2-high-latency",
              "Project": "proj2"
            },
            "threshold": 2,
            "threshold_metric_id": "",
            "treat_missing_data": "notBreaching",
            "unit": ""
          },
          "sensitive_attributes": [],
          "private": "eyJzY2hlbWFfdmVyc2lvbiI6IjEifQ==",
          "dependencies": [
            "aws_lb.proj2_alb",
            "aws_lb_target_group.proj2_tg",
            "aws_security_group.alb_sg",
            "aws_sns_topic.alerts",
            "aws_subnet.public",
            "aws_vpc.proj2_vpc"
          ]
        }
      ]
    },
    {
      "mode": "managed",
      "type": "aws_cloudwatch_metric_alarm",
      "name": "alb_target_5xx_errors",
      "provider": "provider[\"registry.terraform.io/hashicorp/aws\"]",
      "instances": [
        {
          "schema_version": 1,
          "attributes": {
            "actions_enabled": true,
            "alarm_actions": [
              "arn:aws:sns:us-east-1:501894534533:proj2-alerts"
            ],
            "alarm_description": "ECS targets are returning 5XX errors (more than 5 in 1 minute)",
            "alarm_name": "proj2-target-5xx-errors",
            "arn": "arn:aws:cloudwatch:us-east-1:501894534533:alarm:proj2-target-5xx-errors",
            "comparison_operator": "GreaterThanThreshold",
            "datapoints_to_alarm": 0,
            "dimensions": {
              "LoadBalancer": "app/proj2-alb/e84726ce8b86ae60",
              "TargetGroup": "targetgroup/proj2-tg/3b66aac7debb06a7"
            },
            "evaluate_low_sample_count_percentiles": "",
            "evaluation_periods": 2,
            "extended_statistic": "",
            "id": "proj2-target-5xx-errors",
            "insufficient_data_actions": null,
            "metric_name": "HTTPCode_Target_5XX_Count",
            "metric_query": [],
            "namespace": "AWS/ApplicationELB",
            "ok_actions": [
              "arn:aws:sns:us-east-1:501894534533:proj2-alerts"
            ],
            "period": 60,
            "statistic": "Sum",
            "tags": {
              "Name": "proj2-target-5xx-errors"
            },
            "tags_all": {
              "Environment": "dev",
              "ManagedBy": "terraform",
              "Name": "proj2-target-5xx-errors",
              "Project": "proj2"
            },
            "threshold": 5,
            "threshold_metric_id": "",
            "treat_missing_data": "notBreaching",
            "unit": ""
          },
          "sensitive_attributes": [],
          "private": "eyJzY2hlbWFfdmVyc2lvbiI6IjEifQ==",
          "dependencies": [
            "aws_lb.proj2_alb",
            "aws_lb_target_group.proj2_tg",
            "aws_security_group.alb_sg",
            "aws_sns_topic.alerts",
            "aws_subnet.public",
            "aws_vpc.proj2_vpc"
          ]
        }
      ]
    },
    {
      "mode": "managed",
      "type": "aws_cloudwatch_metric_alarm",
      "name": "alb_unhealthy_hosts",
      "provider": "provider[\"registry.terraform.io/hashicorp/aws\"]",
      "instances": [
        {
          "schema_version": 1,
          "attributes": {
            "actions_enabled": true,
            "alarm_actions": [
              "arn:aws:sns:us-east-1:501894534533:proj2-alerts"
            ],
            "alarm_description": "There are unhealthy targets in the target group",
            "alarm_name": "proj2-unhealthy-hosts",
            "arn": "arn:aws:cloudwatch:us-east-1:501894534533:alarm:proj2-unhealthy-hosts",
            "comparison_operator": "GreaterThanThreshold",
            "datapoints_to_alarm": 0,
            "dimensions": {
              "LoadBalancer": "app/proj2-alb/e84726ce8b86ae60",
              "TargetGroup": "targetgroup/proj2-tg/3b66aac7debb06a7"
            },
            "evaluate_low_sample_count_percentiles": "",
            "evaluation_periods": 2,
            "extended_statistic": "",
            "id": "proj2-unhealthy-hosts",
            "insufficient_data_actions": null,
            "metric_name": "UnHealthyHostCount",
            "metric_query": [],
            "namespace": "AWS/ApplicationELB",
            "ok_actions": [
              "arn:aws:sns:us-east-1:501894534533:proj2-alerts"
            ],
            "period": 60,
            "statistic": "Average",
            "tags": {
              "Name": "proj2-unhealthy-hosts"
            },
            "tags_all": {
              "Environment": "dev",
              "ManagedBy": "terraform",
              "Name": "proj2-unhealthy-hosts",
              "Project": "proj2"
            },
            "threshold": 0,
            "threshold_metric_id": "",
            "treat_missing_data": "notBreaching",
            "unit": ""
          },
          "sensitive_attributes": [],
          "private": "eyJzY2hlbWFfdmVyc2lvbiI6IjEifQ==",
          "dependencies": [
            "aws_lb.proj2_alb",
            "aws_lb_target_group.proj2_tg",
            "aws_security_group.alb_sg",
            "aws_sns_topic.alerts",
            "aws_subnet.public",
            "aws_vpc.proj2_vpc"
          ]
        }
      ]
    },
    {
      "mode": "managed",
      "type": "aws_cloudwatch_metric_alarm",
      "name": "ecs_cpu_high",
      "provider": "provider[\"registry.terraform.io/hashicorp/aws\"]",
      "instances": [
        {
          "schema_version": 1,
          "attributes": {
            "actions_enabled": true,
            "alarm_actions": [
              "arn:aws:sns:us-east-1:501894534533:proj2-alerts"
            ],
            "alarm_description": "ECS CPU utilization is above 80%",
            "alarm_name": "proj2-ecs-cpu-high",
            "arn": "arn:aws:cloudwatch:us-east-1:501894534533:alarm:proj2-ecs-cpu-high",
            "comparison_operator": "GreaterThanThreshold",
            "datapoints_to_alarm": 0,
            "dimensions": {
              "ClusterName": "proj2-cluster",
              "ServiceName": "proj2-service"
            },
            "evaluate_low_sample_count_percentiles": "",
            "evaluation_periods": 2,
            "extended_statistic": "",
            "id": "proj2-ecs-cpu-high",
            "insufficient_data_actions": null,
            "metric_name": "CPUUtilization",
            "metric_query": [],
            "namespace": "AWS/ECS",
            "ok_actions": [
              "arn:aws:sns:us-east-1:501894534533:proj2-alerts"
            ],
            "period": 60,
            "statistic": "Average",
            "tags": {
              "Name": "proj2-ecs-cpu-high"
            },
            "tags_all": {
              "Environment": "dev",
              "ManagedBy": "terraform",
              "Name": "proj2-ecs-cpu-high",
              "Project": "proj2"
            },
            "threshold": 80,
            "threshold_metric_id": "",
            "treat_missing_data": "notBreaching",
            "unit": ""
          },
          "sensitive_attributes": [],
          "private": "eyJzY2hlbWFfdmVyc2lvbiI6IjEifQ==",
          "dependencies": [
            "aws_cloudwatch_log_group.ecs_logs",
            "aws_ecs_cluster.proj2_cluster",
            "aws_ecs_service.proj2_service",
            "aws_ecs_task_definition.proj2_task",
            "aws_iam_role.ecs_task_execution_role",
            "aws_lb.proj2_alb",
            "aws_lb_listener.http",
            "aws_lb_target_group.proj2_tg",
            "aws_security_group.alb_sg",
            "aws_security_group.ecs_sg",
            "aws_sns_topic.alerts",
            "aws_subnet.public",
            "aws_vpc.proj2_vpc",
            "data.aws_iam_policy_document.ecs_task_execution_assume_role"
          ]
        }
      ]
    },
    {
      "mode": "managed",
      "type": "aws_cloudwatch_metric_alarm",
      "name": "ecs_memory_high",
      "provider": "provider[\"registry.terraform.io/hashicorp/aws\"]",
      "instances": [
        {
          "schema_version": 1,
          "attributes": {
            "actions_enabled": true,
            "alarm_actions": [
              "arn:aws:sns:us-east-1:501894534533:proj2-alerts"
            ],
            "alarm_description": "ECS Memory utilization is above 80%",
            "alarm_name": "proj2-ecs-memory-high",
            "arn": "arn:aws:cloudwatch:us-east-1:501894534533:alarm:proj2-ecs-memory-high",
            "comparison_operator": "GreaterThanThreshold",
            "datapoints_to_alarm": 0,
            "dimensions": {
              "ClusterName": "proj2-cluster",
              "ServiceName": "proj2-service"
            },
            "evaluate_low_sample_count_percentiles": "",
            "evaluation_periods": 2,
            "extended_statistic": "",
            "id": "proj2-ecs-memory-high",
            "insufficient_data_actions": null,
            "metric_name": "MemoryUtilization",
            "metric_query": [],
            "namespace": "AWS/ECS",
            "ok_actions": [
              "arn:aws:sns:us-east-1:501894534533:proj2-alerts"
            ],
            "period": 60,
            "statistic": "Average",
            "tags": {
              "Name": "proj2-ecs-memory-high"
            },
            "tags_all": {
              "Environment": "dev",
              "ManagedBy": "terraform",
              "Name": "proj2-ecs-memory-high",
              "Project": "proj2"
            },
            "threshold": 80,
            "threshold_metric_id": "",
            "treat_missing_data": "notBreaching",
            "unit": ""
          },
          "sensitive_attributes": [],
          "private": "eyJzY2hlbWFfdmVyc2lvbiI6IjEifQ==",
          "dependencies": [
            "aws_cloudwatch_log_group.ecs_logs",
            "aws_ecs_cluster.proj2_cluster",
            "aws_ecs_service.proj2_service",
            "aws_ecs_task_definition.proj2_task",
            "aws_iam_role.ecs_task_execution_role",
            "aws_lb.proj2_alb",
            "aws_lb_listener.http",
            "aws_lb_target_group.proj2_tg",
            "aws_security_group.alb_sg",
            "aws_security_group.ecs_sg",
            "aws_sns_topic.alerts",
            "aws_subnet.public",
            "aws_vpc.proj2_vpc",
            "data.aws_iam_policy_document.ecs_task_execution_assume_role"
          ]
        }
      ]
    },
    {
      "mode": "managed",
      "type": "aws_cloudwatch_metric_alarm",
      "name": "no_healthy_hosts",
      "provider": "provider[\"registry.terraform.io/hashicorp/aws\"]",
      "instances": [
        {
          "schema_version": 1,
          "attributes": {
            "actions_enabled": true,
            "alarm_actions": [
              "arn:aws:sns:us-east-1:501894534533:proj2-alerts"
            ],
            "alarm_description": "CRITICAL: No healthy targets available - service is DOWN",
            "alarm_name": "proj2-no-healthy-hosts-CRITICAL",
            "arn": "arn:aws:cloudwatch:us-east-1:501894534533:alarm:proj2-no-healthy-hosts-CRITICAL",
            "comparison_operator": "LessThanThreshold",
            "datapoints_to_alarm": 0,
            "dimensions": {
              "LoadBalancer": "app/proj2-alb/e84726ce8b86ae60",
              "TargetGroup": "targetgroup/proj2-tg/3b66aac7debb06a7"
            },
            "evaluate_low_sample_count_percentiles": "",
            "evaluation_periods": 1,
            "extended_statistic": "",
            "id": "proj2-no-healthy-hosts-CRITICAL",
            "insufficient_data_actions": null,
            "metric_name": "HealthyHostCount",
            "metric_query": [],
            "namespace": "AWS/ApplicationELB",
            "ok_actions": [
              "arn:aws:sns:us-east-1:501894534533:proj2-alerts"
            ],
            "period": 60,
            "statistic": "Minimum",
            "tags": {
              "Name": "proj2-no-healthy-hosts-CRITICAL"
            },
            "tags_all": {
              "Environment": "dev",
              "ManagedBy": "terraform",
              "Name": "proj2-no-healthy-hosts-CRITICAL",
              "Project": "proj2"
            },
            "threshold": 1,
            "threshold_metric_id": "",
            "treat_missing_data": "breaching",
            "unit": ""
          },
          "sensitive_attributes": [],
          "private": "eyJzY2hlbWFfdmVyc2lvbiI6IjEifQ==",
          "dependencies": [
            "aws_lb.proj2_alb",
            "aws_lb_target_group.proj2_tg",
            "aws_security_group.alb_sg",
            "aws_sns_topic.alerts",
            "aws_subnet.public",
            "aws_vpc.proj2_vpc"
          ]
        }
      ]
    },
    {
      "mode": "managed",
      "type": "aws_ecs_cluster",
      "name": "proj2_cluster",
      "provider": "provider[\"registry.terraform.io/hashicorp/aws\"]",
      "instances": [
        {
          "schema_version": 0,
          "attributes": {
            "arn": "arn:aws:ecs:us-east-1:501894534533:cluster/proj2-cluster",
            "configuration": [],
            "id": "arn:aws:ecs:us-east-1:501894534533:cluster/proj2-cluster",
            "name": "proj2-cluster",
            "service_connect_defaults": [],
            "setting": [
              {
                "name": "containerInsights",
                "value": "disabled"
              }
            ],
            "tags": {
              "Name": "proj2-cluster"
            },
            "tags_all": {
              "Environment": "dev",
              "ManagedBy": "terraform",
              "Name": "proj2-cluster",
              "Project": "proj2"
            }
          },
          "sensitive_attributes": [],
          "private": "bnVsbA=="
        }
      ]
    },
    {
      "mode": "managed",
      "type": "aws_ecs_service",
      "name": "proj2_service",
      "provider": "provider[\"registry.terraform.io/hashicorp/aws\"]",
      "instances": [
        {
          "schema_version": 1,
          "attributes": {
            "alarms": [],
            "availability_zone_rebalancing": "DISABLED",
            "capacity_provider_strategy": [],
            "cluster": "arn:aws:ecs:us-east-1:501894534533:cluster/proj2-cluster",
            "deployment_circuit_breaker": [
              {
                "enable": false,
                "rollback": false
              }
            ],
            "deployment_controller": [
              {
                "type": "ECS"
              }
            ],
            "deployment_maximum_percent": 200,
            "deployment_minimum_healthy_percent": 100,
            "desired_count": 1,
            "enable_ecs_managed_tags": false,
            "enable_execute_command": false,
            "force_delete": null,
            "force_new_deployment": null,
            "health_check_grace_period_seconds": 60,
            "iam_role": "/aws-service-role/ecs.amazonaws.com/AWSServiceRoleForECS",
            "id": "arn:aws:ecs:us-east-1:501894534533:service/proj2-cluster/proj2-service",
            "launch_type": "FARGATE",
            "load_balancer": [
              {
                "container_name": "proj2-app",
                "container_port": 8080,
                "elb_name": "",
                "target_group_arn": "arn:aws:elasticloadbalancing:us-east-1:501894534533:targetgroup/proj2-tg/3b66aac7debb06a7"
              }
            ],
            "name": "proj2-service",
            "network_configuration": [
              {
                "assign_public_ip": true,
                "security_groups": [
                  "sg-0681b6ec6a3187236"
                ],
                "subnets": [
                  "subnet-08c639441bfefbed5",
                  "subnet-0f8cae1cf0464c070"
                ]
              }
            ],
            "ordered_placement_strategy": [],
            "placement_constraints": [],
            "platform_version": "LATEST",
            "propagate_tags": "NONE",
            "scheduling_strategy": "REPLICA",
            "service_connect_configuration": [],
            "service_registries": [],
            "tags": {
              "Name": "proj2-service"
            },
            "tags_all": {
              "Environment": "dev",
              "ManagedBy": "terraform",
              "Name": "proj2-service",
              "Project": "proj2"
            },
            "task_definition": "arn:aws:ecs:us-east-1:501894534533:task-definition/proj2-task:1",
            "timeouts": null,
            "triggers": {},
            "volume_configuration": [],
            "vpc_lattice_configurations": [],
            "wait_for_steady_state": false
          },
          "sensitive_attributes": [],
          "private": "eyJlMmJmYjczMC1lY2FhLTExZTYtOGY4OC0zNDM2M2JjN2M0YzAiOnsiY3JlYXRlIjoxMjAwMDAwMDAwMDAwLCJkZWxldGUiOjEyMDAwMDAwMDAwMDAsInVwZGF0ZSI6MTIwMDAwMDAwMDAwMH0sInNjaGVtYV92ZXJzaW9uIjoiMSJ9",
          "dependencies": [
            "aws_cloudwatch_log_group.ecs_logs",
            "aws_ecs_cluster.proj2_cluster",
            "aws_ecs_task_definition.proj2_task",
            "aws_iam_role.ecs_task_execution_role",
            "aws_lb.proj2_alb",
            "aws_lb_listener.http",
            "aws_lb_target_group.proj2_tg",
            "aws_security_group.alb_sg",
            "aws_security_group.ecs_sg",
            "aws_subnet.public",
            "aws_vpc.proj2_vpc",
            "data.aws_iam_policy_document.ecs_task_execution_assume_role"
          ]
        }
      ]
    },
    {
      "mode": "managed",
      "type": "aws_ecs_task_definition",
      "name": "proj2_task",
      "provider": "provider[\"registry.terraform.io/hashicorp/aws\"]",
      "instances": [
        {
          "schema_version": 1,
          "attributes": {
            "arn": "arn:aws:ecs:us-east-1:501894534533:task-definition/proj2-task:1",
            "arn_without_revision": "arn:aws:ecs:us-east-1:501894534533:task-definition/proj2-task",
            "container_definitions": "[{\"environment\":[{\"name\":\"ENVIRONMENT\",\"value\":\"production\"}],\"essential\":true,\"image\":\"501894534533.dkr.ecr.us-east-1.amazonaws.com/proj2-app:v1\",\"logConfiguration\":{\"logDriver\":\"awslogs\",\"options\":{\"awslogs-region\":\"us-east-1\",\"awslogs-stream-prefix\":\"ecs\",\"awslogs-group\":\"/ecs/proj2-app\"}},\"mountPoints\":[],\"name\":\"proj2-app\",\"portMappings\":[{\"containerPort\":8080,\"hostPort\":8080,\"protocol\":\"tcp\"}],\"systemControls\":[],\"volumesFrom\":[]}]",
            "cpu": "256",
            "enable_fault_injection": false,
            "ephemeral_storage": [],
            "execution_role_arn": "arn:aws:iam::501894534533:role/proj2-ecs-task-execution-role",
            "family": "proj2-task",
            "id": "proj2-task",
            "inference_accelerator": [],
            "ipc_mode": "",
            "memory": "512",
            "network_mode": "awsvpc",
            "pid_mode": "",
            "placement_constraints": [],
            "proxy_configuration": [],
            "requires_compatibilities": [
              "FARGATE"
            ],
            "revision": 1,
            "runtime_platform": [],
            "skip_destroy": false,
            "tags": {
              "Name": "proj2-task"
            },
            "tags_all": {
              "Environment": "dev",
              "ManagedBy": "terraform",
              "Name": "proj2-task",
              "Project": "proj2"
            },
            "task_role_arn": "",
            "track_latest": false,
            "volume": []
          },
          "sensitive_attributes": [],
          "private": "eyJzY2hlbWFfdmVyc2lvbiI6IjEifQ==",
          "dependencies": [
            "aws_cloudwatch_log_group.ecs_logs",
            "aws_iam_role.ecs_task_execution_role",
            "data.aws_iam_policy_document.ecs_task_execution_assume_role"
          ]
        }
      ]
    },
    {
      "mode": "managed",
      "type": "aws_iam_role",
      "name": "ecs_task_execution_role",
      "provider": "provider[\"registry.terraform.io/hashicorp/aws\"]",
      "instances": [
        {
          "schema_version": 0,
          "attributes": {
            "arn": "arn:aws:iam::501894534533:role/proj2-ecs-task-execution-role",
            "assume_role_policy": "{\"Statement\":[{\"Action\":\"sts:AssumeRole\",\"Effect\":\"Allow\",\"Principal\":{\"Service\":\"ecs-tasks.amazonaws.com\"}}],\"Version\":\"2012-10-17\"}",
            "create_date": "2026-01-18T17:36:26Z",
            "description": "",
            "force_detach_policies": false,
            "id": "proj2-ecs-task-execution-role",
            "inline_policy": [],
            "managed_policy_arns": [
              "arn:aws:iam::aws:policy/service-role/AmazonECSTaskExecutionRolePolicy"
            ],
            "max_session_duration": 3600,
            "name": "proj2-ecs-task-execution-role",
            "name_prefix": "",
            "path": "/",
            "permissions_boundary": "",
            "tags": {
              "Name": "proj2-ecs-task-execution-role"
            },
            "tags_all": {
              "Environment": "dev",
              "ManagedBy": "terraform",
              "Name": "proj2-ecs-task-execution-role",
              "Project": "proj2"
            },
            "unique_id": "AROAXJWZ62WCVXGZV3HUJ"
          },
          "sensitive_attributes": [],
          "private": "bnVsbA==",
          "dependencies": [
            "data.aws_iam_policy_document.ecs_task_execution_assume_role"
          ]
        }
      ]
    },
    {
      "mode": "managed",
      "type": "aws_iam_role_policy_attachment",
      "name": "ecs_task_execution_role_policy",
      "provider": "provider[\"registry.terraform.io/hashicorp/aws\"]",
      "instances": [
        {
          "schema_version": 0,
          "attributes": {
            "id": "proj2-ecs-task-execution-role-20260118173626961800000001",
            "policy_arn": "arn:aws:iam::aws:policy/service-role/AmazonECSTaskExecutionRolePolicy",
            "role": "proj2-ecs-task-execution-role"
          },
          "sensitive_attributes": [],
          "private": "bnVsbA==",
          "dependencies": [
            "aws_iam_role.ecs_task_execution_role",
            "data.aws_iam_policy_document.ecs_task_execution_assume_role"
          ]
        }
      ]
    },
    {
      "mode": "managed",
      "type": "aws_internet_gateway",
      "name": "proj2_igw",
      "provider": "provider[\"registry.terraform.io/hashicorp/aws\"]",
      "instances": [
        {
          "schema_version": 0,
          "attributes": {
            "arn": "arn:aws:ec2:us-east-1:501894534533:internet-gateway/igw-098d93a0e9c7effaa",
            "id": "igw-098d93a0e9c7effaa",
            "owner_id": "501894534533",
            "tags": {
              "Name": "proj2-igw"
            },
            "tags_all": {
              "Environment": "dev",
              "ManagedBy": "terraform",
              "Name": "proj2-igw",
              "Project": "proj2"
            },
            "timeouts": null,
            "vpc_id": "vpc-025c70216bd21e55c"
          },
          "sensitive_attributes": [],
          "private": "eyJlMmJmYjczMC1lY2FhLTExZTYtOGY4OC0zNDM2M2JjN2M0YzAiOnsiY3JlYXRlIjoxMjAwMDAwMDAwMDAwLCJkZWxldGUiOjEyMDAwMDAwMDAwMDAsInVwZGF0ZSI6MTIwMDAwMDAwMDAwMH19",
          "dependencies": [
            "aws_vpc.proj2_vpc"
          ]
        }
      ]
    },
    {
      "mode": "managed",
      "type": "aws_lb",
      "name": "proj2_alb",
      "provider": "provider[\"registry.terraform.io/hashicorp/aws\"]",
      "instances": [
        {
          "schema_version": 0,
          "attributes": {
            "access_logs": [
              {
                "bucket": "",
                "enabled": false,
                "prefix": ""
              }
            ],
            "arn": "arn:aws:elasticloadbalancing:us-east-1:501894534533:loadbalancer/app/proj2-alb/e84726ce8b86ae60",
            "arn_suffix": "app/proj2-alb/e84726ce8b86ae60",
            "client_keep_alive": 3600,
            "connection_logs": [
              {
                "bucket": "",
                "enabled": false,
                "prefix": ""
              }
            ],
            "customer_owned_ipv4_pool": "",
            "desync_mitigation_mode": "defensive",
            "dns_name": "proj2-alb-830302272.us-east-1.elb.amazonaws.com",
            "dns_record_client_routing_policy": null,
            "drop_invalid_header_fields": false,
            "enable_cross_zone_load_balancing": true,
            "enable_deletion_protection": false,
            "enable_http2": true,
            "enable_tls_version_and_cipher_suite_headers": false,
            "enable_waf_fail_open": false,
            "enable_xff_client_port": false,
            "enable_zonal_shift": false,
            "enforce_security_group_inbound_rules_on_private_link_traffic": "",
            "id": "arn:aws:elasticloadbalancing:us-east-1:501894534533:loadbalancer/app/proj2-alb/e84726ce8b86ae60",
            "idle_timeout": 60,
            "internal": false,
            "ip_address_type": "ipv4",
            "ipam_pools": [],
            "load_balancer_type": "application",
            "minimum_load_balancer_capacity": [],
            "name": "proj2-alb",
            "name_prefix": "",
            "preserve_host_header": false,
            "security_groups": [
              "sg-08111206409a97f83"
            ],
            "subnet_mapping": [
              {
                "allocation_id": "",
                "ipv6_address": "",
                "outpost_id": "",
                "private_ipv4_address": "",
                "subnet_id": "subnet-08c639441bfefbed5"
              },
              {
                "allocation_id": "",
                "ipv6_address": "",
                "outpost_id": "",
                "private_ipv4_address": "",
                "subnet_id": "subnet-0f8cae1cf0464c070"
              }
            ],
            "subnets": [
              "subnet-08c639441bfefbed5",
              "subnet-0f8cae1cf0464c070"
            ],
            "tags": {
              "Name": "proj2-alb"
            },
            "tags_all": {
              "Environment": "dev",
              "ManagedBy": "terraform",
              "Name": "proj2-alb",
              "Project": "proj2"
            },
            "timeouts": null,
            "vpc_id": "vpc-025c70216bd21e55c",
            "xff_header_processing_mode": "append",
            "zone_id": "Z35SXDOTRQ7X7K"
          },
          "sensitive_attributes": [],
          "private": "eyJlMmJmYjczMC1lY2FhLTExZTYtOGY4OC0zNDM2M2JjN2M0YzAiOnsiY3JlYXRlIjo2MDAwMDAwMDAwMDAsImRlbGV0ZSI6NjAwMDAwMDAwMDAwLCJ1cGRhdGUiOjYwMDAwMDAwMDAwMH19",
          "dependencies": [
            "aws_security_group.alb_sg",
            "aws_subnet.public",
            "aws_vpc.proj2_vpc"
          ]
        }
      ]
    },
    {
      "mode": "managed",
      "type": "aws_lb_listener",
      "name": "http",
      "provider": "provider[\"registry.terraform.io/hashicorp/aws\"]",
      "instances": [
        {
          "schema_version": 0,
          "attributes": {
            "alpn_policy": null,
            "arn": "arn:aws:elasticloadbalancing:us-east-1:501894534533:listener/app/proj2-alb/e84726ce8b86ae60/a8bd8f5f426a268b",
            "certificate_arn": null,
            "default_action": [
              {
                "authenticate_cognito": [],
                "authenticate_oidc": [],
                "fixed_response": [],
                "forward": [],
                "order": 1,
                "redirect": [],
                "target_group_arn": "arn:aws:elasticloadbalancing:us-east-1:501894534533:targetgroup/proj2-tg/3b66aac7debb06a7",
                "type": "forward"
              }
            ],
            "id": "arn:aws:elasticloadbalancing:us-east-1:501894534533:listener/app/proj2-alb/e84726ce8b86ae60/a8bd8f5f426a268b",
            "load_balancer_arn": "arn:aws:elasticloadbalancing:us-east-1:501894534533:loadbalancer/app/proj2-alb/e84726ce8b86ae60",
            "mutual_authentication": [],
            "port": 80,
            "protocol": "HTTP",
            "routing_http_request_x_amzn_mtls_clientcert_header_name": null,
            "routing_http_request_x_amzn_mtls_clientcert_issuer_header_name": null,
            "routing_http_request_x_amzn_mtls_clientcert_leaf_header_name": null,
            "routing_http_request_x_amzn_mtls_clientcert_serial_number_header_name": null,
            "routing_http_request_x_amzn_mtls_clientcert_subject_header_name": null,
            "routing_http_request_x_amzn_mtls_clientcert_validity_header_name": null,
            "routing_http_request_x_amzn_tls_cipher_suite_header_name": null,
            "routing_http_request_x_amzn_tls_version_header_name": null,
            "routing_http_response_access_control_allow_credentials_header_value": "",
            "routing_http_response_access_control_allow_headers_header_value": "",
            "routing_http_response_access_control_allow_methods_header_value": "",
            "routing_http_response_access_control_allow_origin_header_value": "",
            "routing_http_response_access_control_expose_headers_header_value": "",
            "routing_http_response_access_control_max_age_header_value": "",
            "routing_http_response_content_security_policy_header_value": "",
            "routing_http_response_server_enabled": true,
            "routing_http_response_strict_transport_security_header_value": "",
            "routing_http_response_x_content_type_options_header_value": "",
            "routing_http_response_x_frame_options_header_value": "",
            "ssl_policy": "",
            "tags": {
              "Name": "proj2-alb-listener"
            },
            "tags_all": {
              "Environment": "dev",
              "ManagedBy": "terraform",
              "Name": "proj2-alb-listener",
              "Project": "proj2"
            },
            "tcp_idle_timeout_seconds": null,
            "timeouts": null
          },
          "sensitive_attributes": [],
          "private": "eyJlMmJmYjczMC1lY2FhLTExZTYtOGY4OC0zNDM2M2JjN2M0YzAiOnsiY3JlYXRlIjozMDAwMDAwMDAwMDAsInVwZGF0ZSI6MzAwMDAwMDAwMDAwfX0=",
          "dependencies": [
            "aws_lb.proj2_alb",
            "aws_lb_target_group.proj2_tg",
            "aws_security_group.alb_sg",
            "aws_subnet.public",
            "aws_vpc.proj2_vpc"
          ]
        }
      ]
    },
    {
      "mode": "managed",
      "type": "aws_lb_target_group",
      "name": "proj2_tg",
      "provider": "provider[\"registry.terraform.io/hashicorp/aws\"]",
      "instances": [
        {
          "schema_version": 0,
          "attributes": {
            "arn": "arn:aws:elasticloadbalancing:us-east-1:501894534533:targetgroup/proj2-tg/3b66aac7debb06a7",
            "arn_suffix": "targetgroup/proj2-tg/3b66aac7debb06a7",
            "connection_termination": null,
            "deregistration_delay": "30",
            "health_check": [
              {
                "enabled": true,
                "healthy_threshold": 2,
                "interval": 30,
                "matcher": "200",
                "path": "/health",
                "port": "traffic-port",
                "protocol": "HTTP",
                "timeout": 5,
                "unhealthy_threshold": 3
              }
            ],
            "id": "arn:aws:elasticloadbalancing:us-east-1:501894534533:targetgroup/proj2-tg/3b66aac7debb06a7",
            "ip_address_type": "ipv4",
            "lambda_multi_value_headers_enabled": false,
            "load_balancer_arns": [
              "arn:aws:elasticloadbalancing:us-east-1:501894534533:loadbalancer/app/proj2-alb/e84726ce8b86ae60"
            ],
            "load_balancing_algorithm_type": "round_robin",
            "load_balancing_anomaly_mitigation": "off",
            "load_balancing_cross_zone_enabled": "use_load_balancer_configuration",
            "name": "proj2-tg",
            "name_prefix": "",
            "port": 8080,
            "preserve_client_ip": null,
            "protocol": "HTTP",
            "protocol_version": "HTTP1",
            "proxy_protocol_v2": false,
            "slow_start": 0,
            "stickiness": [
              {
                "cookie_duration": 86400,
                "cookie_name": "",
                "enabled": false,
                "type": "lb_cookie"
              }
            ],
            "tags": {
              "Name": "proj2-tg"
            },
            "tags_all": {
              "Environment": "dev",
              "ManagedBy": "terraform",
              "Name": "proj2-tg",
              "Project": "proj2"
            },
            "target_failover": [
              {
                "on_deregistration": null,
                "on_unhealthy": null
              }
            ],
            "target_group_health": [
              {
                "dns_failover": [
                  {
                    "minimum_healthy_targets_count": "1",
                    "minimum_healthy_targets_percentage": "off"
                  }
                ],
                "unhealthy_state_routing": [
                  {
                    "minimum_healthy_targets_count": 1,
                    "minimum_healthy_targets_percentage": "off"
                  }
                ]
              }
            ],
            "target_health_state": [
              {
                "enable_unhealthy_connection_termination": null,
                "unhealthy_draining_interval": null
              }
            ],
            "target_type": "ip",
            "vpc_id": "vpc-025c70216bd21e55c"
          },
          "sensitive_attributes": [],
          "private": "bnVsbA==",
          "dependencies": [
            "aws_vpc.proj2_vpc"
          ]
        }
      ]
    },
    {
      "mode": "managed",
      "type": "aws_route_table",
      "name": "public",
      "provider": "provider[\"registry.terraform.io/hashicorp/aws\"]",
      "instances": [
        {
          "schema_version": 0,
          "attributes": {
            "arn": "arn:aws:ec2:us-east-1:501894534533:route-table/rtb-03a9e65e2e7fc2f73",
            "id": "rtb-03a9e65e2e7fc2f73",
            "owner_id": "501894534533",
            "propagating_vgws": [],
            "route": [
              {
                "carrier_gateway_id": "",
                "cidr_block": "0.0.0.0/0",
                "core_network_arn": "",
                "destination_prefix_list_id": "",
                "egress_only_gateway_id": "",
                "gateway_id": "igw-098d93a0e9c7effaa",
                "ipv6_cidr_block": "",
                "local_gateway_id": "",
                "nat_gateway_id": "",
                "network_interface_id": "",
                "transit_gateway_id": "",
                "vpc_endpoint_id": "",
                "vpc_peering_connection_id": ""
              }
            ],
            "tags": {
              "Name": "proj2-public-rt"
            },
            "tags_all": {
              "Environment": "dev",
              "ManagedBy": "terraform",
              "Name": "proj2-public-rt",
              "Project": "proj2"
            },
            "timeouts": null,
            "vpc_id": "vpc-025c70216bd21e55c"
          },
          "sensitive_attributes": [],
          "private": "eyJlMmJmYjczMC1lY2FhLTExZTYtOGY4OC0zNDM2M2JjN2M0YzAiOnsiY3JlYXRlIjozMDAwMDAwMDAwMDAsImRlbGV0ZSI6MzAwMDAwMDAwMDAwLCJ1cGRhdGUiOjEyMDAwMDAwMDAwMH19",
          "dependencies": [
            "aws_internet_gateway.proj2_igw",
            "aws_vpc.proj2_vpc"
          ]
        }
      ]
    },
    {
      "mode": "managed",
      "type": "aws_route_table_association",
      "name": "public",
      "provider": "provider[\"registry.terraform.io/hashicorp/aws\"]",
      "instances": [
        {
          "index_key": 0,
          "schema_version": 0,
          "attributes": {
            "gateway_id": "",
            "id": "rtbassoc-0cd33440e019b66ac",
            "route_table_id": "rtb-03a9e65e2e7fc2f73",
            "subnet_id": "subnet-08c639441bfefbed5",
            "timeouts": null
          },
          "sensitive_attributes": [],
          "private": "eyJlMmJmYjczMC1lY2FhLTExZTYtOGY4OC0zNDM2M2JjN2M0YzAiOnsiY3JlYXRlIjozMDAwMDAwMDAwMDAsImRlbGV0ZSI6MzAwMDAwMDAwMDAwLCJ1cGRhdGUiOjEyMDAwMDAwMDAwMH19",
          "dependencies": [
            "aws_internet_gateway.proj2_igw",
            "aws_route_table.public",
            "aws_subnet.public",
            "aws_vpc.proj2_vpc"
          ]
        },
        {
          "index_key": 1,
          "schema_version": 0,
          "attributes": {
            "gateway_id": "",
            "id": "rtbassoc-0f7d63c7bf6631b10",
            "route_table_id": "rtb-03a9e65e2e7fc2f73",
            "subnet_id": "subnet-0f8cae1cf0464c070",
            "timeouts": null
          },
          "sensitive_attributes": [],
          "private": "eyJlMmJmYjczMC1lY2FhLTExZTYtOGY4OC0zNDM2M2JjN2M0YzAiOnsiY3JlYXRlIjozMDAwMDAwMDAwMDAsImRlbGV0ZSI6MzAwMDAwMDAwMDAwLCJ1cGRhdGUiOjEyMDAwMDAwMDAwMH19",
          "dependencies": [
            "aws_internet_gateway.proj2_igw",
            "aws_route_table.public",
            "aws_subnet.public",
            "aws_vpc.proj2_vpc"
          ]
        }
      ]
    },
    {
      "mode": "managed",
      "type": "aws_security_group",
      "name": "alb_sg",
      "provider": "provider[\"registry.terraform.io/hashicorp/aws\"]",
      "instances": [
        {
          "schema_version": 1,
          "attributes": {
            "arn": "arn:aws:ec2:us-east-1:501894534533:security-group/sg-08111206409a97f83",
            "description": "Security group for ALB - allows HTTP from internet",
            "egress": [
              {
                "cidr_blocks": [
                  "0.0.0.0/0"
                ],
                "description": "Allow all outbound traffic",
                "from_port": 0,
                "ipv6_cidr_blocks": [],
                "prefix_list_ids": [],
                "protocol": "-1",
                "security_groups": [],
                "self": false,
                "to_port": 0
              }
            ],
            "id": "sg-08111206409a97f83",
            "ingress": [
              {
                "cidr_blocks": [
                  "0.0.0.0/0"
                ],
                "description": "HTTP from internet",
                "from_port": 80,
                "ipv6_cidr_blocks": [],
                "prefix_list_ids": [],
                "protocol": "tcp",
                "security_groups": [],
                "self": false,
                "to_port": 80
              }
            ],
            "name": "proj2-alb-sg",
            "name_prefix": "",
            "owner_id": "501894534533",
            "revoke_rules_on_delete": false,
            "tags": {
              "Name": "proj2-alb-sg"
            },
            "tags_all": {
              "Environment": "dev",
              "ManagedBy": "terraform",
              "Name": "proj2-alb-sg",
              "Project": "proj2"
            },
            "timeouts": null,
            "vpc_id": "vpc-025c70216bd21e55c"
          },
          "sensitive_attributes": [],
          "private": "eyJlMmJmYjczMC1lY2FhLTExZTYtOGY4OC0zNDM2M2JjN2M0YzAiOnsiY3JlYXRlIjo2MDAwMDAwMDAwMDAsImRlbGV0ZSI6OTAwMDAwMDAwMDAwfSwic2NoZW1hX3ZlcnNpb24iOiIxIn0=",
          "dependencies": [
            "aws_vpc.proj2_vpc"
          ]
        }
      ]
    },
    {
      "mode": "managed",
      "type": "aws_security_group",
      "name": "ecs_sg",
      "provider": "provider[\"registry.terraform.io/hashicorp/aws\"]",
      "instances": [
        {
          "schema_version": 1,
          "attributes": {
            "arn": "arn:aws:ec2:us-east-1:501894534533:security-group/sg-0681b6ec6a3187236",
            "description": "Security group for ECS tasks - allows traffic from ALB only",
            "egress": [
              {
                "cidr_blocks": [
                  "0.0.0.0/0"
                ],
                "description": "HTTP for general connectivity",
                "from_port": 80,
                "ipv6_cidr_blocks": [],
                "prefix_list_ids": [],
                "protocol": "tcp",
                "security_groups": [],
                "self": false,
                "to_port": 80
              },
              {
                "cidr_blocks": [
                  "0.0.0.0/0"
                ],
                "description": "HTTPS for ECR and CloudWatch",
                "from_port": 443,
                "ipv6_cidr_blocks": [],
                "prefix_list_ids": [],
                "protocol": "tcp",
                "security_groups": [],
                "self": false,
                "to_port": 443
              }
            ],
            "id": "sg-0681b6ec6a3187236",
            "ingress": [
              {
                "cidr_blocks": [],
                "description": "Container port from ALB",
                "from_port": 8080,
                "ipv6_cidr_blocks": [],
                "prefix_list_ids": [],
                "protocol": "tcp",
                "security_groups": [
                  "sg-08111206409a97f83"
                ],
                "self": false,
                "to_port": 8080
              }
            ],
            "name": "proj2-ecs-sg",
            "name_prefix": "",
            "owner_id": "501894534533",
            "revoke_rules_on_delete": false,
            "tags": {
              "Name": "proj2-ecs-sg"
            },
            "tags_all": {
              "Environment": "dev",
              "ManagedBy": "terraform",
              "Name": "proj2-ecs-sg",
              "Project": "proj2"
            },
            "timeouts": null,
            "vpc_id": "vpc-025c70216bd21e55c"
          },
          "sensitive_attributes": [],
          "private": "eyJlMmJmYjczMC1lY2FhLTExZTYtOGY4OC0zNDM2M2JjN2M0YzAiOnsiY3JlYXRlIjo2MDAwMDAwMDAwMDAsImRlbGV0ZSI6OTAwMDAwMDAwMDAwfSwic2NoZW1hX3ZlcnNpb24iOiIxIn0=",
          "dependencies": [
            "aws_security_group.alb_sg",
            "aws_vpc.proj2_vpc"
          ]
        }
      ]
    },
    {
      "mode": "managed",
      "type": "aws_sns_topic",
      "name": "alerts",
      "provider": "provider[\"registry.terraform.io/hashicorp/aws\"]",
      "instances": [
        {
          "schema_version": 0,
          "attributes": {
            "application_failure_feedback_role_arn": "",
            "application_success_feedback_role_arn": "",
            "application_success_feedback_sample_rate": 0,
            "archive_policy": "",
            "arn": "arn:aws:sns:us-east-1:501894534533:proj2-alerts",
            "beginning_archive_time": "",
            "content_based_deduplication": false,
            "delivery_policy": "",
            "display_name": "",
            "fifo_throughput_scope": "",
            "fifo_topic": false,
            "firehose_failure_feedback_role_arn": "",
            "firehose_success_feedback_role_arn": "",
            "firehose_success_feedback_sample_rate": 0,
            "http_failure_feedback_role_arn": "",
            "http_success_feedback_role_arn": "",
            "http_success_feedback_sample_rate": 0,
            "id": "arn:aws:sns:us-east-1:501894534533:proj2-alerts",
            "kms_master_key_id": "",
            "lambda_failure_feedback_role_arn": "",
            "lambda_success_feedback_role_arn": "",
            "lambda_success_feedback_sample_rate": 0,
            "name": "proj2-alerts",
            "name_prefix": "",
            "owner": "501894534533",
            "policy": "{\"Statement\":[{\"Action\":\"sns:Publish\",\"Effect\":\"Allow\",\"Principal\":{\"Service\":\"cloudwatch.amazonaws.com\"},\"Resource\":\"arn:aws:sns:us-east-1:501894534533:proj2-alerts\",\"Sid\":\"AllowCloudWatchAlarms\"}],\"Version\":\"2012-10-17\"}",
            "signature_version": 0,
            "sqs_failure_feedback_role_arn": "",
            "sqs_success_feedback_role_arn": "",
            "sqs_success_feedback_sample_rate": 0,
            "tags": {
              "Name": "proj2-alerts"
            },
            "tags_all": {
              "Environment": "dev",
              "ManagedBy": "terraform",
              "Name": "proj2-alerts",
              "Project": "proj2"
            },
            "tracing_config": ""
          },
          "sensitive_attributes": [],
          "private": "bnVsbA=="
        }
      ]
    },
    {
      "mode": "managed",
      "type": "aws_sns_topic_policy",
      "name": "alerts_policy",
      "provider": "provider[\"registry.terraform.io/hashicorp/aws\"]",
      "instances": [
        {
          "schema_version": 0,
          "attributes": {
            "arn": "arn:aws:sns:us-east-1:501894534533:proj2-alerts",
            "id": "arn:aws:sns:us-east-1:501894534533:proj2-alerts",
            "owner": "501894534533",
            "policy": "{\"Statement\":[{\"Action\":\"sns:Publish\",\"Effect\":\"Allow\",\"Principal\":{\"Service\":\"cloudwatch.amazonaws.com\"},\"Resource\":\"arn:aws:sns:us-east-1:501894534533:proj2-alerts\",\"Sid\":\"AllowCloudWatchAlarms\"}],\"Version\":\"2012-10-17\"}"
          },
          "sensitive_attributes": [],
          "private": "bnVsbA==",
          "dependencies": [
            "aws_sns_topic.alerts"
          ]
        }
      ]
    },
    {
      "mode": "managed",
      "type": "aws_sns_topic_subscription",
      "name": "email",
      "provider": "provider[\"registry.terraform.io/hashicorp/aws\"]",
      "instances": [
        {
          "schema_version": 0,
          "attributes": {
            "arn": "arn:aws:sns:us-east-1:501894534533:proj2-alerts:0940597a-dca8-41df-af7e-3b89ce1c3998",
            "confirmation_timeout_in_minutes": 1,
            "confirmation_was_authenticated": false,
            "delivery_policy": "",
            "endpoint": "kapulurucharith@gmail.com",
            "endpoint_auto_confirms": false,
            "filter_policy": "",
            "filter_policy_scope": "",
            "id": "arn:aws:sns:us-east-1:501894534533:proj2-alerts:0940597a-dca8-41df-af7e-3b89ce1c3998",
            "owner_id": "501894534533",
            "pending_confirmation": false,
            "protocol": "email",
            "raw_message_delivery": false,
            "redrive_policy": "",
            "replay_policy": "",
            "subscription_role_arn": "",
            "topic_arn": "arn:aws:sns:us-east-1:501894534533:proj2-alerts"
          },
          "sensitive_attributes": [],
          "private": "bnVsbA==",
          "dependencies": [
            "aws_sns_topic.alerts"
          ]
        }
      ]
    },
    {
      "mode": "managed",
      "type": "aws_subnet",
      "name": "public",
      "provider": "provider[\"registry.terraform.io/hashicorp/aws\"]",
      "instances": [
        {
          "index_key": 0,
          "schema_version": 1,
          "attributes": {
            "arn": "arn:aws:ec2:us-east-1:501894534533:subnet/subnet-08c639441bfefbed5",
            "assign_ipv6_address_on_creation": false,
            "availability_zone": "us-east-1a",
            "availability_zone_id": "use1-az1",
            "cidr_block": "10.0.1.0/24",
            "customer_owned_ipv4_pool": "",
            "enable_dns64": false,
            "enable_lni_at_device_index": 0,
            "enable_resource_name_dns_a_record_on_launch": false,
            "enable_resource_name_dns_aaaa_record_on_launch": false,
            "id": "subnet-08c639441bfefbed5",
            "ipv6_cidr_block": "",
            "ipv6_cidr_block_association_id": "",
            "ipv6_native": false,
            "map_customer_owned_ip_on_launch": false,
            "map_public_ip_on_launch": true,
            "outpost_arn": "",
            "owner_id": "501894534533",
            "private_dns_hostname_type_on_launch": "ip-name",
            "tags": {
              "Name": "proj2-public-subnet-1",
              "Type": "public"
            },
            "tags_all": {
              "Environment": "dev",
              "ManagedBy": "terraform",
              "Name": "proj2-public-subnet-1",
              "Project": "proj2",
              "Type": "public"
            },
            "timeouts": null,
            "vpc_id": "vpc-025c70216bd21e55c"
          },
          "sensitive_attributes": [],
          "private": "eyJlMmJmYjczMC1lY2FhLTExZTYtOGY4OC0zNDM2M2JjN2M0YzAiOnsiY3JlYXRlIjo2MDAwMDAwMDAwMDAsImRlbGV0ZSI6MTIwMDAwMDAwMDAwMH0sInNjaGVtYV92ZXJzaW9uIjoiMSJ9",
          "dependencies": [
            "aws_vpc.proj2_vpc"
          ]
        },
        {
          "index_key": 1,
          "schema_version": 1,
          "attributes": {
            "arn": "arn:aws:ec2:us-east-1:501894534533:subnet/subnet-0f8cae1cf0464c070",
            "assign_ipv6_address_on_creation": false,
            "availability_zone": "us-east-1b",
            "availability_zone_id": "use1-az2",
            "cidr_block": "10.0.2.0/24",
            "customer_owned_ipv4_pool": "",
            "enable_dns64": false,
            "enable_lni_at_device_index": 0,
            "enable_resource_name_dns_a_record_on_launch": false,
            "enable_resource_name_dns_aaaa_record_on_launch": false,
            "id": "subnet-0f8cae1cf0464c070",
            "ipv6_cidr_block": "",
            "ipv6_cidr_block_association_id": "",
            "ipv6_native": false,
            "map_customer_owned_ip_on_launch": false,
            "map_public_ip_on_launch": true,
            "outpost_arn": "",
            "owner_id": "501894534533",
            "private_dns_hostname_type_on_launch": "ip-name",
            "tags": {
              "Name": "proj2-public-subnet-2",
              "Type": "public"
            },
            "tags_all": {
              "Environment": "dev",
              "ManagedBy": "terraform",
              "Name": "proj2-public-subnet-2",
              "Project": "proj2",
              "Type": "public"
            },
            "timeouts": null,
            "vpc_id": "vpc-025c70216bd21e55c"
          },
          "sensitive_attributes": [],
          "private": "eyJlMmJmYjczMC1lY2FhLTExZTYtOGY4OC0zNDM2M2JjN2M0YzAiOnsiY3JlYXRlIjo2MDAwMDAwMDAwMDAsImRlbGV0ZSI6MTIwMDAwMDAwMDAwMH0sInNjaGVtYV92ZXJzaW9uIjoiMSJ9",
          "dependencies": [
            "aws_vpc.proj2_vpc"
          ]
        }
      ]
    },
    {
      "mode": "managed",
      "type": "aws_vpc",
      "name": "proj2_vpc",
      "provider": "provider[\"registry.terraform.io/hashicorp/aws\"]",
      "instances": [
        {
          "schema_version": 1,
          "attributes": {
            "arn": "arn:aws:ec2:us-east-1:501894534533:vpc/vpc-025c70216bd21e55c",
            "assign_generated_ipv6_cidr_block": false,
            "cidr_block": "10.0.0.0/16",
            "default_network_acl_id": "acl-0e70ae5fac9e3b418",
            "default_route_table_id": "rtb-071765b6479f55c4e",
            "default_security_group_id": "sg-00c828269711835f9",
            "dhcp_options_id": "dopt-00f171a3054b3f3cf",
            "enable_dns_hostnames": true,
            "enable_dns_support": true,
            "enable_network_address_usage_metrics": false,
            "id": "vpc-025c70216bd21e55c",
            "instance_tenancy": "default",
            "ipv4_ipam_pool_id": null,
            "ipv4_netmask_length": null,
            "ipv6_association_id": "",
            "ipv6_cidr_block": "",
            "ipv6_cidr_block_network_border_group": "",
            "ipv6_ipam_pool_id": "",
            "ipv6_netmask_length": 0,
            "main_route_table_id": "rtb-071765b6479f55c4e",
            "owner_id": "501894534533",
            "tags": {
              "Name": "proj2-vpc"
            },
            "tags_all": {
              "Environment": "dev",
              "ManagedBy": "terraform",
              "Name": "proj2-vpc",
              "Project": "proj2"
            }
          },
          "sensitive_attributes": [],
          "private": "eyJzY2hlbWFfdmVyc2lvbiI6IjEifQ=="
        }
      ]
    }
  ],
  "check_results": null
}
